// !$*UTF8*$!
{
	archiveVersion = 1;
	classes = {
	};
	objectVersion = 56;
	objects = {

/* Begin PBXBuildFile section */
		55FC64592AD06552002D36D9 /* HitsApp.swift in Sources */ = {isa = PBXBuildFile; fileRef = 55FC64582AD06552002D36D9 /* HitsApp.swift */; };
		55FC645B2AD06552002D36D9 /* Persistence.swift in Sources */ = {isa = PBXBuildFile; fileRef = 55FC645A2AD06552002D36D9 /* Persistence.swift */; };
		55FC645E2AD06552002D36D9 /* Hits.xcdatamodeld in Sources */ = {isa = PBXBuildFile; fileRef = 55FC645C2AD06552002D36D9 /* Hits.xcdatamodeld */; };
		55FC64602AD06552002D36D9 /* HistoryView.swift in Sources */ = {isa = PBXBuildFile; fileRef = 55FC645F2AD06552002D36D9 /* HistoryView.swift */; };
		55FC64622AD06552002D36D9 /* Assets.xcassets in Resources */ = {isa = PBXBuildFile; fileRef = 55FC64612AD06552002D36D9 /* Assets.xcassets */; };
		55FC64662AD06552002D36D9 /* Preview Assets.xcassets in Resources */ = {isa = PBXBuildFile; fileRef = 55FC64652AD06552002D36D9 /* Preview Assets.xcassets */; };
		55FC64702AD06553002D36D9 /* HitsTests.swift in Sources */ = {isa = PBXBuildFile; fileRef = 55FC646F2AD06553002D36D9 /* HitsTests.swift */; };
		55FC647A2AD06553002D36D9 /* HitsUITests.swift in Sources */ = {isa = PBXBuildFile; fileRef = 55FC64792AD06553002D36D9 /* HitsUITests.swift */; };
		55FC647C2AD06553002D36D9 /* HitsUITestsLaunchTests.swift in Sources */ = {isa = PBXBuildFile; fileRef = 55FC647B2AD06553002D36D9 /* HitsUITestsLaunchTests.swift */; };
		55FC64912AD087B2002D36D9 /* HitsView.swift in Sources */ = {isa = PBXBuildFile; fileRef = 55FC64902AD087B2002D36D9 /* HitsView.swift */; };
		55FC64932AD087BE002D36D9 /* PlayerView.swift in Sources */ = {isa = PBXBuildFile; fileRef = 55FC64922AD087BE002D36D9 /* PlayerView.swift */; };
		55FC64952AD087F2002D36D9 /* HitsTabView.swift in Sources */ = {isa = PBXBuildFile; fileRef = 55FC64942AD087F2002D36D9 /* HitsTabView.swift */; };
		55FC64972AD08845002D36D9 /* LazyView.swift in Sources */ = {isa = PBXBuildFile; fileRef = 55FC64962AD08845002D36D9 /* LazyView.swift */; };
		55FC64992AD08C9B002D36D9 /* APIEndpoint.swift in Sources */ = {isa = PBXBuildFile; fileRef = 55FC64982AD08C9B002D36D9 /* APIEndpoint.swift */; };
		55FC649B2AD08CAE002D36D9 /* HTTPMethod.swift in Sources */ = {isa = PBXBuildFile; fileRef = 55FC649A2AD08CAE002D36D9 /* HTTPMethod.swift */; };
		55FC649D2AD08CC2002D36D9 /* APIError.swift in Sources */ = {isa = PBXBuildFile; fileRef = 55FC649C2AD08CC2002D36D9 /* APIError.swift */; };
		55FC649F2AD08CD6002D36D9 /* DeezerEndpoint.swift in Sources */ = {isa = PBXBuildFile; fileRef = 55FC649E2AD08CD6002D36D9 /* DeezerEndpoint.swift */; };
		55FC64A12AD08D44002D36D9 /* APIClient.swift in Sources */ = {isa = PBXBuildFile; fileRef = 55FC64A02AD08D44002D36D9 /* APIClient.swift */; };
		55FC64A42AD08D9A002D36D9 /* DeezerService.swift in Sources */ = {isa = PBXBuildFile; fileRef = 55FC64A32AD08D9A002D36D9 /* DeezerService.swift */; };
		55FC64A62AD08E22002D36D9 /* Artist.swift in Sources */ = {isa = PBXBuildFile; fileRef = 55FC64A52AD08E22002D36D9 /* Artist.swift */; };
		55FC64A92AD09E20002D36D9 /* HitsViewModel.swift in Sources */ = {isa = PBXBuildFile; fileRef = 55FC64A82AD09E20002D36D9 /* HitsViewModel.swift */; };
		55FC64AB2AD0A128002D36D9 /* Page.swift in Sources */ = {isa = PBXBuildFile; fileRef = 55FC64AA2AD0A128002D36D9 /* Page.swift */; };
		55FC64AD2AD0A6DB002D36D9 /* DebugPrint.swift in Sources */ = {isa = PBXBuildFile; fileRef = 55FC64AC2AD0A6DB002D36D9 /* DebugPrint.swift */; };
/* End PBXBuildFile section */

/* Begin PBXContainerItemProxy section */
		55FC646C2AD06553002D36D9 /* PBXContainerItemProxy */ = {
			isa = PBXContainerItemProxy;
			containerPortal = 55FC644D2AD06551002D36D9 /* Project object */;
			proxyType = 1;
			remoteGlobalIDString = 55FC64542AD06552002D36D9;
			remoteInfo = Hits;
		};
		55FC64762AD06553002D36D9 /* PBXContainerItemProxy */ = {
			isa = PBXContainerItemProxy;
			containerPortal = 55FC644D2AD06551002D36D9 /* Project object */;
			proxyType = 1;
			remoteGlobalIDString = 55FC64542AD06552002D36D9;
			remoteInfo = Hits;
		};
/* End PBXContainerItemProxy section */

/* Begin PBXFileReference section */
		55FC64552AD06552002D36D9 /* Hits.app */ = {isa = PBXFileReference; explicitFileType = wrapper.application; includeInIndex = 0; path = Hits.app; sourceTree = BUILT_PRODUCTS_DIR; };
		55FC64582AD06552002D36D9 /* HitsApp.swift */ = {isa = PBXFileReference; lastKnownFileType = sourcecode.swift; path = HitsApp.swift; sourceTree = "<group>"; };
		55FC645A2AD06552002D36D9 /* Persistence.swift */ = {isa = PBXFileReference; lastKnownFileType = sourcecode.swift; path = Persistence.swift; sourceTree = "<group>"; };
		55FC645D2AD06552002D36D9 /* Hits.xcdatamodel */ = {isa = PBXFileReference; lastKnownFileType = wrapper.xcdatamodel; path = Hits.xcdatamodel; sourceTree = "<group>"; };
		55FC645F2AD06552002D36D9 /* HistoryView.swift */ = {isa = PBXFileReference; lastKnownFileType = sourcecode.swift; path = HistoryView.swift; sourceTree = "<group>"; };
		55FC64612AD06552002D36D9 /* Assets.xcassets */ = {isa = PBXFileReference; lastKnownFileType = folder.assetcatalog; path = Assets.xcassets; sourceTree = "<group>"; };
		55FC64632AD06552002D36D9 /* Hits.entitlements */ = {isa = PBXFileReference; lastKnownFileType = text.plist.entitlements; path = Hits.entitlements; sourceTree = "<group>"; };
		55FC64652AD06552002D36D9 /* Preview Assets.xcassets */ = {isa = PBXFileReference; lastKnownFileType = folder.assetcatalog; path = "Preview Assets.xcassets"; sourceTree = "<group>"; };
		55FC646B2AD06553002D36D9 /* HitsTests.xctest */ = {isa = PBXFileReference; explicitFileType = wrapper.cfbundle; includeInIndex = 0; path = HitsTests.xctest; sourceTree = BUILT_PRODUCTS_DIR; };
		55FC646F2AD06553002D36D9 /* HitsTests.swift */ = {isa = PBXFileReference; lastKnownFileType = sourcecode.swift; path = HitsTests.swift; sourceTree = "<group>"; };
		55FC64752AD06553002D36D9 /* HitsUITests.xctest */ = {isa = PBXFileReference; explicitFileType = wrapper.cfbundle; includeInIndex = 0; path = HitsUITests.xctest; sourceTree = BUILT_PRODUCTS_DIR; };
		55FC64792AD06553002D36D9 /* HitsUITests.swift */ = {isa = PBXFileReference; lastKnownFileType = sourcecode.swift; path = HitsUITests.swift; sourceTree = "<group>"; };
		55FC647B2AD06553002D36D9 /* HitsUITestsLaunchTests.swift */ = {isa = PBXFileReference; lastKnownFileType = sourcecode.swift; path = HitsUITestsLaunchTests.swift; sourceTree = "<group>"; };
		55FC64902AD087B2002D36D9 /* HitsView.swift */ = {isa = PBXFileReference; lastKnownFileType = sourcecode.swift; path = HitsView.swift; sourceTree = "<group>"; };
		55FC64922AD087BE002D36D9 /* PlayerView.swift */ = {isa = PBXFileReference; lastKnownFileType = sourcecode.swift; path = PlayerView.swift; sourceTree = "<group>"; };
		55FC64942AD087F2002D36D9 /* HitsTabView.swift */ = {isa = PBXFileReference; lastKnownFileType = sourcecode.swift; path = HitsTabView.swift; sourceTree = "<group>"; };
		55FC64962AD08845002D36D9 /* LazyView.swift */ = {isa = PBXFileReference; lastKnownFileType = sourcecode.swift; path = LazyView.swift; sourceTree = "<group>"; };
		55FC64982AD08C9B002D36D9 /* APIEndpoint.swift */ = {isa = PBXFileReference; lastKnownFileType = sourcecode.swift; path = APIEndpoint.swift; sourceTree = "<group>"; };
		55FC649A2AD08CAE002D36D9 /* HTTPMethod.swift */ = {isa = PBXFileReference; lastKnownFileType = sourcecode.swift; path = HTTPMethod.swift; sourceTree = "<group>"; };
		55FC649C2AD08CC2002D36D9 /* APIError.swift */ = {isa = PBXFileReference; lastKnownFileType = sourcecode.swift; path = APIError.swift; sourceTree = "<group>"; };
		55FC649E2AD08CD6002D36D9 /* DeezerEndpoint.swift */ = {isa = PBXFileReference; lastKnownFileType = sourcecode.swift; path = DeezerEndpoint.swift; sourceTree = "<group>"; };
		55FC64A02AD08D44002D36D9 /* APIClient.swift */ = {isa = PBXFileReference; lastKnownFileType = sourcecode.swift; path = APIClient.swift; sourceTree = "<group>"; };
		55FC64A32AD08D9A002D36D9 /* DeezerService.swift */ = {isa = PBXFileReference; lastKnownFileType = sourcecode.swift; path = DeezerService.swift; sourceTree = "<group>"; };
		55FC64A52AD08E22002D36D9 /* Artist.swift */ = {isa = PBXFileReference; lastKnownFileType = sourcecode.swift; path = Artist.swift; sourceTree = "<group>"; };
		55FC64A82AD09E20002D36D9 /* HitsViewModel.swift */ = {isa = PBXFileReference; lastKnownFileType = sourcecode.swift; path = HitsViewModel.swift; sourceTree = "<group>"; };
		55FC64AA2AD0A128002D36D9 /* Page.swift */ = {isa = PBXFileReference; lastKnownFileType = sourcecode.swift; path = Page.swift; sourceTree = "<group>"; };
		55FC64AC2AD0A6DB002D36D9 /* DebugPrint.swift */ = {isa = PBXFileReference; lastKnownFileType = sourcecode.swift; path = DebugPrint.swift; sourceTree = "<group>"; };
/* End PBXFileReference section */

/* Begin PBXFrameworksBuildPhase section */
		55FC64522AD06552002D36D9 /* Frameworks */ = {
			isa = PBXFrameworksBuildPhase;
			buildActionMask = 2147483647;
			files = (
			);
			runOnlyForDeploymentPostprocessing = 0;
		};
		55FC64682AD06553002D36D9 /* Frameworks */ = {
			isa = PBXFrameworksBuildPhase;
			buildActionMask = 2147483647;
			files = (
			);
			runOnlyForDeploymentPostprocessing = 0;
		};
		55FC64722AD06553002D36D9 /* Frameworks */ = {
			isa = PBXFrameworksBuildPhase;
			buildActionMask = 2147483647;
			files = (
			);
			runOnlyForDeploymentPostprocessing = 0;
		};
/* End PBXFrameworksBuildPhase section */

/* Begin PBXGroup section */
		55FC644C2AD06551002D36D9 = {
			isa = PBXGroup;
			children = (
				55FC64572AD06552002D36D9 /* Hits */,
				55FC646E2AD06553002D36D9 /* HitsTests */,
				55FC64782AD06553002D36D9 /* HitsUITests */,
				55FC64562AD06552002D36D9 /* Products */,
			);
			sourceTree = "<group>";
		};
		55FC64562AD06552002D36D9 /* Products */ = {
			isa = PBXGroup;
			children = (
				55FC64552AD06552002D36D9 /* Hits.app */,
				55FC646B2AD06553002D36D9 /* HitsTests.xctest */,
				55FC64752AD06553002D36D9 /* HitsUITests.xctest */,
			);
			name = Products;
			sourceTree = "<group>";
		};
		55FC64572AD06552002D36D9 /* Hits */ = {
			isa = PBXGroup;
			children = (
				55FC64582AD06552002D36D9 /* HitsApp.swift */,
				55FC64882AD08360002D36D9 /* App */,
				55FC64A72AD09DF9002D36D9 /* ViewModels */,
				55FC64892AD0836B002D36D9 /* Models */,
				55FC648A2AD08378002D36D9 /* Network */,
				55FC648B2AD08386002D36D9 /* Extensions */,
				55FC648C2AD0838F002D36D9 /* Utils */,
				55FC648D2AD08396002D36D9 /* Resources */,
				55FC64642AD06552002D36D9 /* Preview Content */,
			);
			path = Hits;
			sourceTree = "<group>";
		};
		55FC64642AD06552002D36D9 /* Preview Content */ = {
			isa = PBXGroup;
			children = (
				55FC64652AD06552002D36D9 /* Preview Assets.xcassets */,
			);
			path = "Preview Content";
			sourceTree = "<group>";
		};
		55FC646E2AD06553002D36D9 /* HitsTests */ = {
			isa = PBXGroup;
			children = (
				55FC646F2AD06553002D36D9 /* HitsTests.swift */,
			);
			path = HitsTests;
			sourceTree = "<group>";
		};
		55FC64782AD06553002D36D9 /* HitsUITests */ = {
			isa = PBXGroup;
			children = (
				55FC64792AD06553002D36D9 /* HitsUITests.swift */,
				55FC647B2AD06553002D36D9 /* HitsUITestsLaunchTests.swift */,
			);
			path = HitsUITests;
			sourceTree = "<group>";
		};
		55FC64882AD08360002D36D9 /* App */ = {
			isa = PBXGroup;
			children = (
				55FC64942AD087F2002D36D9 /* HitsTabView.swift */,
				55FC64902AD087B2002D36D9 /* HitsView.swift */,
				55FC64922AD087BE002D36D9 /* PlayerView.swift */,
				55FC645F2AD06552002D36D9 /* HistoryView.swift */,
			);
			path = App;
			sourceTree = "<group>";
		};
		55FC64892AD0836B002D36D9 /* Models */ = {
			isa = PBXGroup;
			children = (
				55FC64AA2AD0A128002D36D9 /* Page.swift */,
				55FC64A52AD08E22002D36D9 /* Artist.swift */,
			);
			path = Models;
			sourceTree = "<group>";
		};
		55FC648A2AD08378002D36D9 /* Network */ = {
			isa = PBXGroup;
			children = (
				55FC64982AD08C9B002D36D9 /* APIEndpoint.swift */,
				55FC649A2AD08CAE002D36D9 /* HTTPMethod.swift */,
				55FC649C2AD08CC2002D36D9 /* APIError.swift */,
				55FC64A02AD08D44002D36D9 /* APIClient.swift */,
				55FC64A22AD08D7B002D36D9 /* Deezer API */,
			);
			path = Network;
			sourceTree = "<group>";
		};
		55FC648B2AD08386002D36D9 /* Extensions */ = {
			isa = PBXGroup;
			children = (
			);
			path = Extensions;
			sourceTree = "<group>";
		};
		55FC648C2AD0838F002D36D9 /* Utils */ = {
			isa = PBXGroup;
			children = (
				55FC64962AD08845002D36D9 /* LazyView.swift */,
				55FC64AC2AD0A6DB002D36D9 /* DebugPrint.swift */,
			);
			path = Utils;
			sourceTree = "<group>";
		};
		55FC648D2AD08396002D36D9 /* Resources */ = {
			isa = PBXGroup;
			children = (
				55FC645C2AD06552002D36D9 /* Hits.xcdatamodeld */,
				55FC64612AD06552002D36D9 /* Assets.xcassets */,
				55FC64632AD06552002D36D9 /* Hits.entitlements */,
				55FC645A2AD06552002D36D9 /* Persistence.swift */,
			);
			path = Resources;
			sourceTree = "<group>";
		};
		55FC64A22AD08D7B002D36D9 /* Deezer API */ = {
			isa = PBXGroup;
			children = (
				55FC649E2AD08CD6002D36D9 /* DeezerEndpoint.swift */,
				55FC64A32AD08D9A002D36D9 /* DeezerService.swift */,
			);
			path = "Deezer API";
			sourceTree = "<group>";
		};
		55FC64A72AD09DF9002D36D9 /* ViewModels */ = {
			isa = PBXGroup;
			children = (
				55FC64A82AD09E20002D36D9 /* HitsViewModel.swift */,
			);
			path = ViewModels;
			sourceTree = "<group>";
		};
/* End PBXGroup section */

/* Begin PBXNativeTarget section */
		55FC64542AD06552002D36D9 /* Hits */ = {
			isa = PBXNativeTarget;
			buildConfigurationList = 55FC647F2AD06553002D36D9 /* Build configuration list for PBXNativeTarget "Hits" */;
			buildPhases = (
				55FC64512AD06552002D36D9 /* Sources */,
				55FC64522AD06552002D36D9 /* Frameworks */,
				55FC64532AD06552002D36D9 /* Resources */,
			);
			buildRules = (
			);
			dependencies = (
			);
			name = Hits;
			productName = Hits;
			productReference = 55FC64552AD06552002D36D9 /* Hits.app */;
			productType = "com.apple.product-type.application";
		};
		55FC646A2AD06553002D36D9 /* HitsTests */ = {
			isa = PBXNativeTarget;
			buildConfigurationList = 55FC64822AD06553002D36D9 /* Build configuration list for PBXNativeTarget "HitsTests" */;
			buildPhases = (
				55FC64672AD06553002D36D9 /* Sources */,
				55FC64682AD06553002D36D9 /* Frameworks */,
				55FC64692AD06553002D36D9 /* Resources */,
			);
			buildRules = (
			);
			dependencies = (
				55FC646D2AD06553002D36D9 /* PBXTargetDependency */,
			);
			name = HitsTests;
			productName = HitsTests;
			productReference = 55FC646B2AD06553002D36D9 /* HitsTests.xctest */;
			productType = "com.apple.product-type.bundle.unit-test";
		};
		55FC64742AD06553002D36D9 /* HitsUITests */ = {
			isa = PBXNativeTarget;
			buildConfigurationList = 55FC64852AD06553002D36D9 /* Build configuration list for PBXNativeTarget "HitsUITests" */;
			buildPhases = (
				55FC64712AD06553002D36D9 /* Sources */,
				55FC64722AD06553002D36D9 /* Frameworks */,
				55FC64732AD06553002D36D9 /* Resources */,
			);
			buildRules = (
			);
			dependencies = (
				55FC64772AD06553002D36D9 /* PBXTargetDependency */,
			);
			name = HitsUITests;
			productName = HitsUITests;
			productReference = 55FC64752AD06553002D36D9 /* HitsUITests.xctest */;
			productType = "com.apple.product-type.bundle.ui-testing";
		};
/* End PBXNativeTarget section */

/* Begin PBXProject section */
		55FC644D2AD06551002D36D9 /* Project object */ = {
			isa = PBXProject;
			attributes = {
				BuildIndependentTargetsInParallel = 1;
				LastSwiftUpdateCheck = 1500;
				LastUpgradeCheck = 1500;
				TargetAttributes = {
					55FC64542AD06552002D36D9 = {
						CreatedOnToolsVersion = 15.0;
					};
					55FC646A2AD06553002D36D9 = {
						CreatedOnToolsVersion = 15.0;
						TestTargetID = 55FC64542AD06552002D36D9;
					};
					55FC64742AD06553002D36D9 = {
						CreatedOnToolsVersion = 15.0;
						TestTargetID = 55FC64542AD06552002D36D9;
					};
				};
			};
			buildConfigurationList = 55FC64502AD06551002D36D9 /* Build configuration list for PBXProject "Hits" */;
			compatibilityVersion = "Xcode 14.0";
			developmentRegion = en;
			hasScannedForEncodings = 0;
			knownRegions = (
				en,
				Base,
			);
			mainGroup = 55FC644C2AD06551002D36D9;
			productRefGroup = 55FC64562AD06552002D36D9 /* Products */;
			projectDirPath = "";
			projectRoot = "";
			targets = (
				55FC64542AD06552002D36D9 /* Hits */,
				55FC646A2AD06553002D36D9 /* HitsTests */,
				55FC64742AD06553002D36D9 /* HitsUITests */,
			);
		};
/* End PBXProject section */

/* Begin PBXResourcesBuildPhase section */
		55FC64532AD06552002D36D9 /* Resources */ = {
			isa = PBXResourcesBuildPhase;
			buildActionMask = 2147483647;
			files = (
				55FC64662AD06552002D36D9 /* Preview Assets.xcassets in Resources */,
				55FC64622AD06552002D36D9 /* Assets.xcassets in Resources */,
			);
			runOnlyForDeploymentPostprocessing = 0;
		};
		55FC64692AD06553002D36D9 /* Resources */ = {
			isa = PBXResourcesBuildPhase;
			buildActionMask = 2147483647;
			files = (
			);
			runOnlyForDeploymentPostprocessing = 0;
		};
		55FC64732AD06553002D36D9 /* Resources */ = {
			isa = PBXResourcesBuildPhase;
			buildActionMask = 2147483647;
			files = (
			);
			runOnlyForDeploymentPostprocessing = 0;
		};
/* End PBXResourcesBuildPhase section */

/* Begin PBXSourcesBuildPhase section */
		55FC64512AD06552002D36D9 /* Sources */ = {
			isa = PBXSourcesBuildPhase;
			buildActionMask = 2147483647;
			files = (
				55FC64592AD06552002D36D9 /* HitsApp.swift in Sources */,
				55FC64992AD08C9B002D36D9 /* APIEndpoint.swift in Sources */,
				55FC64A92AD09E20002D36D9 /* HitsViewModel.swift in Sources */,
				55FC645E2AD06552002D36D9 /* Hits.xcdatamodeld in Sources */,
				55FC64A62AD08E22002D36D9 /* Artist.swift in Sources */,
				55FC649F2AD08CD6002D36D9 /* DeezerEndpoint.swift in Sources */,
				55FC64AD2AD0A6DB002D36D9 /* DebugPrint.swift in Sources */,
				55FC64602AD06552002D36D9 /* HistoryView.swift in Sources */,
				55FC64932AD087BE002D36D9 /* PlayerView.swift in Sources */,
				55FC64972AD08845002D36D9 /* LazyView.swift in Sources */,
				55FC64952AD087F2002D36D9 /* HitsTabView.swift in Sources */,
				55FC64AB2AD0A128002D36D9 /* Page.swift in Sources */,
				55FC64912AD087B2002D36D9 /* HitsView.swift in Sources */,
				55FC64A12AD08D44002D36D9 /* APIClient.swift in Sources */,
				55FC64A42AD08D9A002D36D9 /* DeezerService.swift in Sources */,
				55FC649B2AD08CAE002D36D9 /* HTTPMethod.swift in Sources */,
				55FC645B2AD06552002D36D9 /* Persistence.swift in Sources */,
				55FC649D2AD08CC2002D36D9 /* APIError.swift in Sources */,
			);
			runOnlyForDeploymentPostprocessing = 0;
		};
		55FC64672AD06553002D36D9 /* Sources */ = {
			isa = PBXSourcesBuildPhase;
			buildActionMask = 2147483647;
			files = (
				55FC64702AD06553002D36D9 /* HitsTests.swift in Sources */,
			);
			runOnlyForDeploymentPostprocessing = 0;
		};
		55FC64712AD06553002D36D9 /* Sources */ = {
			isa = PBXSourcesBuildPhase;
			buildActionMask = 2147483647;
			files = (
				55FC647C2AD06553002D36D9 /* HitsUITestsLaunchTests.swift in Sources */,
				55FC647A2AD06553002D36D9 /* HitsUITests.swift in Sources */,
			);
			runOnlyForDeploymentPostprocessing = 0;
		};
/* End PBXSourcesBuildPhase section */

/* Begin PBXTargetDependency section */
		55FC646D2AD06553002D36D9 /* PBXTargetDependency */ = {
			isa = PBXTargetDependency;
			target = 55FC64542AD06552002D36D9 /* Hits */;
			targetProxy = 55FC646C2AD06553002D36D9 /* PBXContainerItemProxy */;
		};
		55FC64772AD06553002D36D9 /* PBXTargetDependency */ = {
			isa = PBXTargetDependency;
			target = 55FC64542AD06552002D36D9 /* Hits */;
			targetProxy = 55FC64762AD06553002D36D9 /* PBXContainerItemProxy */;
		};
/* End PBXTargetDependency section */

/* Begin XCBuildConfiguration section */
		55FC647D2AD06553002D36D9 /* Debug */ = {
			isa = XCBuildConfiguration;
			buildSettings = {
				ALWAYS_SEARCH_USER_PATHS = NO;
				ASSETCATALOG_COMPILER_GENERATE_SWIFT_ASSET_SYMBOL_EXTENSIONS = YES;
				CLANG_ANALYZER_NONNULL = YES;
				CLANG_ANALYZER_NUMBER_OBJECT_CONVERSION = YES_AGGRESSIVE;
				CLANG_CXX_LANGUAGE_STANDARD = "gnu++20";
				CLANG_ENABLE_MODULES = YES;
				CLANG_ENABLE_OBJC_ARC = YES;
				CLANG_ENABLE_OBJC_WEAK = YES;
				CLANG_WARN_BLOCK_CAPTURE_AUTORELEASING = YES;
				CLANG_WARN_BOOL_CONVERSION = YES;
				CLANG_WARN_COMMA = YES;
				CLANG_WARN_CONSTANT_CONVERSION = YES;
				CLANG_WARN_DEPRECATED_OBJC_IMPLEMENTATIONS = YES;
				CLANG_WARN_DIRECT_OBJC_ISA_USAGE = YES_ERROR;
				CLANG_WARN_DOCUMENTATION_COMMENTS = YES;
				CLANG_WARN_EMPTY_BODY = YES;
				CLANG_WARN_ENUM_CONVERSION = YES;
				CLANG_WARN_INFINITE_RECURSION = YES;
				CLANG_WARN_INT_CONVERSION = YES;
				CLANG_WARN_NON_LITERAL_NULL_CONVERSION = YES;
				CLANG_WARN_OBJC_IMPLICIT_RETAIN_SELF = YES;
				CLANG_WARN_OBJC_LITERAL_CONVERSION = YES;
				CLANG_WARN_OBJC_ROOT_CLASS = YES_ERROR;
				CLANG_WARN_QUOTED_INCLUDE_IN_FRAMEWORK_HEADER = YES;
				CLANG_WARN_RANGE_LOOP_ANALYSIS = YES;
				CLANG_WARN_STRICT_PROTOTYPES = YES;
				CLANG_WARN_SUSPICIOUS_MOVE = YES;
				CLANG_WARN_UNGUARDED_AVAILABILITY = YES_AGGRESSIVE;
				CLANG_WARN_UNREACHABLE_CODE = YES;
				CLANG_WARN__DUPLICATE_METHOD_MATCH = YES;
				COPY_PHASE_STRIP = NO;
				DEBUG_INFORMATION_FORMAT = dwarf;
				ENABLE_STRICT_OBJC_MSGSEND = YES;
				ENABLE_TESTABILITY = YES;
				ENABLE_USER_SCRIPT_SANDBOXING = YES;
				GCC_C_LANGUAGE_STANDARD = gnu17;
				GCC_DYNAMIC_NO_PIC = NO;
				GCC_NO_COMMON_BLOCKS = YES;
				GCC_OPTIMIZATION_LEVEL = 0;
				GCC_PREPROCESSOR_DEFINITIONS = (
					"DEBUG=1",
					"$(inherited)",
				);
				GCC_WARN_64_TO_32_BIT_CONVERSION = YES;
				GCC_WARN_ABOUT_RETURN_TYPE = YES_ERROR;
				GCC_WARN_UNDECLARED_SELECTOR = YES;
				GCC_WARN_UNINITIALIZED_AUTOS = YES_AGGRESSIVE;
				GCC_WARN_UNUSED_FUNCTION = YES;
				GCC_WARN_UNUSED_VARIABLE = YES;
				LOCALIZATION_PREFERS_STRING_CATALOGS = YES;
				MTL_ENABLE_DEBUG_INFO = INCLUDE_SOURCE;
				MTL_FAST_MATH = YES;
				ONLY_ACTIVE_ARCH = YES;
				SWIFT_ACTIVE_COMPILATION_CONDITIONS = "DEBUG $(inherited)";
				SWIFT_OPTIMIZATION_LEVEL = "-Onone";
			};
			name = Debug;
		};
		55FC647E2AD06553002D36D9 /* Release */ = {
			isa = XCBuildConfiguration;
			buildSettings = {
				ALWAYS_SEARCH_USER_PATHS = NO;
				ASSETCATALOG_COMPILER_GENERATE_SWIFT_ASSET_SYMBOL_EXTENSIONS = YES;
				CLANG_ANALYZER_NONNULL = YES;
				CLANG_ANALYZER_NUMBER_OBJECT_CONVERSION = YES_AGGRESSIVE;
				CLANG_CXX_LANGUAGE_STANDARD = "gnu++20";
				CLANG_ENABLE_MODULES = YES;
				CLANG_ENABLE_OBJC_ARC = YES;
				CLANG_ENABLE_OBJC_WEAK = YES;
				CLANG_WARN_BLOCK_CAPTURE_AUTORELEASING = YES;
				CLANG_WARN_BOOL_CONVERSION = YES;
				CLANG_WARN_COMMA = YES;
				CLANG_WARN_CONSTANT_CONVERSION = YES;
				CLANG_WARN_DEPRECATED_OBJC_IMPLEMENTATIONS = YES;
				CLANG_WARN_DIRECT_OBJC_ISA_USAGE = YES_ERROR;
				CLANG_WARN_DOCUMENTATION_COMMENTS = YES;
				CLANG_WARN_EMPTY_BODY = YES;
				CLANG_WARN_ENUM_CONVERSION = YES;
				CLANG_WARN_INFINITE_RECURSION = YES;
				CLANG_WARN_INT_CONVERSION = YES;
				CLANG_WARN_NON_LITERAL_NULL_CONVERSION = YES;
				CLANG_WARN_OBJC_IMPLICIT_RETAIN_SELF = YES;
				CLANG_WARN_OBJC_LITERAL_CONVERSION = YES;
				CLANG_WARN_OBJC_ROOT_CLASS = YES_ERROR;
				CLANG_WARN_QUOTED_INCLUDE_IN_FRAMEWORK_HEADER = YES;
				CLANG_WARN_RANGE_LOOP_ANALYSIS = YES;
				CLANG_WARN_STRICT_PROTOTYPES = YES;
				CLANG_WARN_SUSPICIOUS_MOVE = YES;
				CLANG_WARN_UNGUARDED_AVAILABILITY = YES_AGGRESSIVE;
				CLANG_WARN_UNREACHABLE_CODE = YES;
				CLANG_WARN__DUPLICATE_METHOD_MATCH = YES;
				COPY_PHASE_STRIP = NO;
				DEBUG_INFORMATION_FORMAT = "dwarf-with-dsym";
				ENABLE_NS_ASSERTIONS = NO;
				ENABLE_STRICT_OBJC_MSGSEND = YES;
				ENABLE_USER_SCRIPT_SANDBOXING = YES;
				GCC_C_LANGUAGE_STANDARD = gnu17;
				GCC_NO_COMMON_BLOCKS = YES;
				GCC_WARN_64_TO_32_BIT_CONVERSION = YES;
				GCC_WARN_ABOUT_RETURN_TYPE = YES_ERROR;
				GCC_WARN_UNDECLARED_SELECTOR = YES;
				GCC_WARN_UNINITIALIZED_AUTOS = YES_AGGRESSIVE;
				GCC_WARN_UNUSED_FUNCTION = YES;
				GCC_WARN_UNUSED_VARIABLE = YES;
				LOCALIZATION_PREFERS_STRING_CATALOGS = YES;
				MTL_ENABLE_DEBUG_INFO = NO;
				MTL_FAST_MATH = YES;
				SWIFT_COMPILATION_MODE = wholemodule;
			};
			name = Release;
		};
		55FC64802AD06553002D36D9 /* Debug */ = {
			isa = XCBuildConfiguration;
			buildSettings = {
				ASSETCATALOG_COMPILER_APPICON_NAME = AppIcon;
				ASSETCATALOG_COMPILER_GLOBAL_ACCENT_COLOR_NAME = AccentColor;
				CODE_SIGN_ENTITLEMENTS = Hits/Resources/Hits.entitlements;
				CODE_SIGN_STYLE = Automatic;
				CURRENT_PROJECT_VERSION = 1;
				DEVELOPMENT_ASSET_PATHS = "\"Hits/Preview Content\"";
				DEVELOPMENT_TEAM = 3TUS34BN3H;
				ENABLE_HARDENED_RUNTIME = YES;
				ENABLE_PREVIEWS = YES;
				GENERATE_INFOPLIST_FILE = YES;
				"INFOPLIST_KEY_UIApplicationSceneManifest_Generation[sdk=iphoneos*]" = YES;
				"INFOPLIST_KEY_UIApplicationSceneManifest_Generation[sdk=iphonesimulator*]" = YES;
				"INFOPLIST_KEY_UIApplicationSupportsIndirectInputEvents[sdk=iphoneos*]" = YES;
				"INFOPLIST_KEY_UIApplicationSupportsIndirectInputEvents[sdk=iphonesimulator*]" = YES;
				"INFOPLIST_KEY_UILaunchScreen_Generation[sdk=iphoneos*]" = YES;
				"INFOPLIST_KEY_UILaunchScreen_Generation[sdk=iphonesimulator*]" = YES;
				"INFOPLIST_KEY_UIStatusBarStyle[sdk=iphoneos*]" = UIStatusBarStyleDefault;
				"INFOPLIST_KEY_UIStatusBarStyle[sdk=iphonesimulator*]" = UIStatusBarStyleDefault;
				INFOPLIST_KEY_UISupportedInterfaceOrientations_iPad = "UIInterfaceOrientationPortrait UIInterfaceOrientationPortraitUpsideDown UIInterfaceOrientationLandscapeLeft UIInterfaceOrientationLandscapeRight";
				INFOPLIST_KEY_UISupportedInterfaceOrientations_iPhone = "UIInterfaceOrientationPortrait UIInterfaceOrientationLandscapeLeft UIInterfaceOrientationLandscapeRight";
				IPHONEOS_DEPLOYMENT_TARGET = 17.0;
				LD_RUNPATH_SEARCH_PATHS = "@executable_path/Frameworks";
				"LD_RUNPATH_SEARCH_PATHS[sdk=macosx*]" = "@executable_path/../Frameworks";
				MACOSX_DEPLOYMENT_TARGET = 14.0;
				MARKETING_VERSION = 1.0;
				PRODUCT_BUNDLE_IDENTIFIER = "io.straw-tech.Hits";
				PRODUCT_NAME = "$(TARGET_NAME)";
				SDKROOT = auto;
				SUPPORTED_PLATFORMS = "iphoneos iphonesimulator macosx";
				SWIFT_EMIT_LOC_STRINGS = YES;
				SWIFT_VERSION = 5.0;
				TARGETED_DEVICE_FAMILY = "1,2";
			};
			name = Debug;
		};
		55FC64812AD06553002D36D9 /* Release */ = {
			isa = XCBuildConfiguration;
			buildSettings = {
				ASSETCATALOG_COMPILER_APPICON_NAME = AppIcon;
				ASSETCATALOG_COMPILER_GLOBAL_ACCENT_COLOR_NAME = AccentColor;
				CODE_SIGN_ENTITLEMENTS = Hits/Resources/Hits.entitlements;
				CODE_SIGN_STYLE = Automatic;
				CURRENT_PROJECT_VERSION = 1;
				DEVELOPMENT_ASSET_PATHS = "\"Hits/Preview Content\"";
				DEVELOPMENT_TEAM = 3TUS34BN3H;
				ENABLE_HARDENED_RUNTIME = YES;
				ENABLE_PREVIEWS = YES;
				GENERATE_INFOPLIST_FILE = YES;
				"INFOPLIST_KEY_UIApplicationSceneManifest_Generation[sdk=iphoneos*]" = YES;
				"INFOPLIST_KEY_UIApplicationSceneManifest_Generation[sdk=iphonesimulator*]" = YES;
				"INFOPLIST_KEY_UIApplicationSupportsIndirectInputEvents[sdk=iphoneos*]" = YES;
				"INFOPLIST_KEY_UIApplicationSupportsIndirectInputEvents[sdk=iphonesimulator*]" = YES;
				"INFOPLIST_KEY_UILaunchScreen_Generation[sdk=iphoneos*]" = YES;
				"INFOPLIST_KEY_UILaunchScreen_Generation[sdk=iphonesimulator*]" = YES;
				"INFOPLIST_KEY_UIStatusBarStyle[sdk=iphoneos*]" = UIStatusBarStyleDefault;
				"INFOPLIST_KEY_UIStatusBarStyle[sdk=iphonesimulator*]" = UIStatusBarStyleDefault;
				INFOPLIST_KEY_UISupportedInterfaceOrientations_iPad = "UIInterfaceOrientationPortrait UIInterfaceOrientationPortraitUpsideDown UIInterfaceOrientationLandscapeLeft UIInterfaceOrientationLandscapeRight";
				INFOPLIST_KEY_UISupportedInterfaceOrientations_iPhone = "UIInterfaceOrientationPortrait UIInterfaceOrientationLandscapeLeft UIInterfaceOrientationLandscapeRight";
				IPHONEOS_DEPLOYMENT_TARGET = 17.0;
				LD_RUNPATH_SEARCH_PATHS = "@executable_path/Frameworks";
				"LD_RUNPATH_SEARCH_PATHS[sdk=macosx*]" = "@executable_path/../Frameworks";
				MACOSX_DEPLOYMENT_TARGET = 14.0;
				MARKETING_VERSION = 1.0;
				PRODUCT_BUNDLE_IDENTIFIER = "io.straw-tech.Hits";
				PRODUCT_NAME = "$(TARGET_NAME)";
				SDKROOT = auto;
				SUPPORTED_PLATFORMS = "iphoneos iphonesimulator macosx";
				SWIFT_EMIT_LOC_STRINGS = YES;
				SWIFT_VERSION = 5.0;
				TARGETED_DEVICE_FAMILY = "1,2";
			};
			name = Release;
		};
		55FC64832AD06553002D36D9 /* Debug */ = {
			isa = XCBuildConfiguration;
			buildSettings = {
				ALWAYS_EMBED_SWIFT_STANDARD_LIBRARIES = YES;
				BUNDLE_LOADER = "$(TEST_HOST)";
				CODE_SIGN_STYLE = Automatic;
				CURRENT_PROJECT_VERSION = 1;
				DEVELOPMENT_TEAM = 3TUS34BN3H;
				GENERATE_INFOPLIST_FILE = YES;
				IPHONEOS_DEPLOYMENT_TARGET = 17.0;
				MACOSX_DEPLOYMENT_TARGET = 14.0;
				MARKETING_VERSION = 1.0;
				PRODUCT_BUNDLE_IDENTIFIER = "io.straw-tech.HitsTests";
				PRODUCT_NAME = "$(TARGET_NAME)";
				SDKROOT = auto;
				SUPPORTED_PLATFORMS = "iphoneos iphonesimulator macosx";
				SWIFT_EMIT_LOC_STRINGS = NO;
				SWIFT_VERSION = 5.0;
				TARGETED_DEVICE_FAMILY = "1,2";
				TEST_HOST = "$(BUILT_PRODUCTS_DIR)/Hits.app/$(BUNDLE_EXECUTABLE_FOLDER_PATH)/Hits";
			};
			name = Debug;
		};
		55FC64842AD06553002D36D9 /* Release */ = {
			isa = XCBuildConfiguration;
			buildSettings = {
				ALWAYS_EMBED_SWIFT_STANDARD_LIBRARIES = YES;
				BUNDLE_LOADER = "$(TEST_HOST)";
				CODE_SIGN_STYLE = Automatic;
				CURRENT_PROJECT_VERSION = 1;
				DEVELOPMENT_TEAM = 3TUS34BN3H;
				GENERATE_INFOPLIST_FILE = YES;
				IPHONEOS_DEPLOYMENT_TARGET = 17.0;
				MACOSX_DEPLOYMENT_TARGET = 14.0;
				MARKETING_VERSION = 1.0;
				PRODUCT_BUNDLE_IDENTIFIER = "io.straw-tech.HitsTests";
				PRODUCT_NAME = "$(TARGET_NAME)";
				SDKROOT = auto;
				SUPPORTED_PLATFORMS = "iphoneos iphonesimulator macosx";
				SWIFT_EMIT_LOC_STRINGS = NO;
				SWIFT_VERSION = 5.0;
				TARGETED_DEVICE_FAMILY = "1,2";
				TEST_HOST = "$(BUILT_PRODUCTS_DIR)/Hits.app/$(BUNDLE_EXECUTABLE_FOLDER_PATH)/Hits";
			};
			name = Release;
		};
		55FC64862AD06553002D36D9 /* Debug */ = {
			isa = XCBuildConfiguration;
			buildSettings = {
				ALWAYS_EMBED_SWIFT_STANDARD_LIBRARIES = YES;
				CODE_SIGN_STYLE = Automatic;
				CURRENT_PROJECT_VERSION = 1;
				DEVELOPMENT_TEAM = 3TUS34BN3H;
				GENERATE_INFOPLIST_FILE = YES;
				IPHONEOS_DEPLOYMENT_TARGET = 17.0;
				MACOSX_DEPLOYMENT_TARGET = 14.0;
				MARKETING_VERSION = 1.0;
				PRODUCT_BUNDLE_IDENTIFIER = "io.straw-tech.HitsUITests";
				PRODUCT_NAME = "$(TARGET_NAME)";
				SDKROOT = auto;
				SUPPORTED_PLATFORMS = "iphoneos iphonesimulator macosx";
				SWIFT_EMIT_LOC_STRINGS = NO;
				SWIFT_VERSION = 5.0;
				TARGETED_DEVICE_FAMILY = "1,2";
				TEST_TARGET_NAME = Hits;
			};
			name = Debug;
		};
		55FC64872AD06553002D36D9 /* Release */ = {
			isa = XCBuildConfiguration;
			buildSettings = {
				ALWAYS_EMBED_SWIFT_STANDARD_LIBRARIES = YES;
				CODE_SIGN_STYLE = Automatic;
				CURRENT_PROJECT_VERSION = 1;
				DEVELOPMENT_TEAM = 3TUS34BN3H;
				GENERATE_INFOPLIST_FILE = YES;
				IPHONEOS_DEPLOYMENT_TARGET = 17.0;
				MACOSX_DEPLOYMENT_TARGET = 14.0;
				MARKETING_VERSION = 1.0;
				PRODUCT_BUNDLE_IDENTIFIER = "io.straw-tech.HitsUITests";
				PRODUCT_NAME = "$(TARGET_NAME)";
				SDKROOT = auto;
				SUPPORTED_PLATFORMS = "iphoneos iphonesimulator macosx";
				SWIFT_EMIT_LOC_STRINGS = NO;
				SWIFT_VERSION = 5.0;
				TARGETED_DEVICE_FAMILY = "1,2";
				TEST_TARGET_NAME = Hits;
			};
			name = Release;
		};
/* End XCBuildConfiguration section */

/* Begin XCConfigurationList section */
		55FC64502AD06551002D36D9 /* Build configuration list for PBXProject "Hits" */ = {
			isa = XCConfigurationList;
			buildConfigurations = (
				55FC647D2AD06553002D36D9 /* Debug */,
				55FC647E2AD06553002D36D9 /* Release */,
			);
			defaultConfigurationIsVisible = 0;
			defaultConfigurationName = Release;
		};
		55FC647F2AD06553002D36D9 /* Build configuration list for PBXNativeTarget "Hits" */ = {
			isa = XCConfigurationList;
			buildConfigurations = (
				55FC64802AD06553002D36D9 /* Debug */,
				55FC64812AD06553002D36D9 /* Release */,
			);
			defaultConfigurationIsVisible = 0;
			defaultConfigurationName = Release;
		};
		55FC64822AD06553002D36D9 /* Build configuration list for PBXNativeTarget "HitsTests" */ = {
			isa = XCConfigurationList;
			buildConfigurations = (
				55FC64832AD06553002D36D9 /* Debug */,
				55FC64842AD06553002D36D9 /* Release */,
			);
			defaultConfigurationIsVisible = 0;
			defaultConfigurationName = Release;
		};
		55FC64852AD06553002D36D9 /* Build configuration list for PBXNativeTarget "HitsUITests" */ = {
			isa = XCConfigurationList;
			buildConfigurations = (
				55FC64862AD06553002D36D9 /* Debug */,
				55FC64872AD06553002D36D9 /* Release */,
			);
			defaultConfigurationIsVisible = 0;
			defaultConfigurationName = Release;
		};
/* End XCConfigurationList section */

/* Begin XCVersionGroup section */
		55FC645C2AD06552002D36D9 /* Hits.xcdatamodeld */ = {
			isa = XCVersionGroup;
			children = (
				55FC645D2AD06552002D36D9 /* Hits.xcdatamodel */,
			);
			currentVersion = 55FC645D2AD06552002D36D9 /* Hits.xcdatamodel */;
			path = Hits.xcdatamodeld;
			sourceTree = "<group>";
			versionGroupType = wrapper.xcdatamodel;
		};
/* End XCVersionGroup section */
	};
	rootObject = 55FC644D2AD06551002D36D9 /* Project object */;
}
